Microsoft Visual Studio Solution File, Format Version 12.00
# Visual Studio Version 17
VisualStudioVersion = 17.5.2.0
MinimumVisualStudioVersion = 10.0.40219.1
Project("{FAE04EC0-301F-11D3-BF4B-00C04F79EFBC}") = "ExcelCustomAddin", "ExcelCustomAddin.csproj", "{53E66FFF-86B4-7FEC-F1F1-682F0DCC9921}"
EndProject
Global
	GlobalSection(SolutionConfigurationPlatforms) = preSolution
		Debug|Any CPU = Debug|Any CPU
		Release|Any CPU = Release|Any CPU
	EndGlobalSection
	GlobalSection(ProjectConfigurationPlatforms) = postSolution
		{53E66FFF-86B4-7FEC-F1F1-682F0DCC9921}.Debug|Any CPU.ActiveCfg = Debug|Any CPU
		{53E66FFF-86B4-7FEC-F1F1-682F0DCC9921}.Debug|Any CPU.Build.0 = Debug|Any CPU
		{53E66FFF-86B4-7FEC-F1F1-682F0DCC9921}.Release|Any CPU.ActiveCfg = Release|Any CPU
		{53E66FFF-86B4-7FEC-F1F1-682F0DCC9921}.Release|Any CPU.Build.0 = Release|Any CPU
	EndGlobalSection
	GlobalSection(SolutionProperties) = preSolution
		HideSolutionNode = FALSE
	EndGlobalSection
	GlobalSection(ExtensibilityGlobals) = postSolution
		SolutionGuid = {A4D90921-458B-4040-8A85-E10C8FFB2495}
	EndGlobalSection
EndGlobal
